
Microsoft Visual Studio Solution File, Format Version 12.00
# Visual Studio Version 16
VisualStudioVersion = 16.0.30406.217
MinimumVisualStudioVersion = 10.0.40219.1
Project("{FAE04EC0-301F-11D3-BF4B-00C04F79EFBC}") = "01_ASCII_Art", "01_ASCII_Art\01_ASCII_Art.csproj", "{44C4D62C-F97C-4A6E-A6F6-7B816EF30CAB}"
EndProject
Project("{9A19103F-16F7-4668-BE54-9A1E7A4F7556}") = "02_GameOfLife", "02_GameOfLife\02_GameOfLife.csproj", "{858F6D88-0E47-41B5-8C80-505E163C598C}"
EndProject
Project("{9A19103F-16F7-4668-BE54-9A1E7A4F7556}") = "02_GameOfLifeTest", "02_GameOfLifeTest\02_GameOfLifeTest.csproj", "{4B0C218D-A2B3-4236-91A2-341825E2AF38}"
EndProject
Project("{FAE04EC0-301F-11D3-BF4B-00C04F79EFBC}") = "03_TicTacToe", "03_TicTacToe\03_TicTacToe.csproj", "{1769E76B-1001-46A5-9584-2B1E498503C8}"
EndProject
Project("{FAE04EC0-301F-11D3-BF4B-00C04F79EFBC}") = "03_TicTacToeTest", "03_TicTacToeTest\03_TicTacToeTest.csproj", "{240E04F0-CCC6-4671-9EF9-D35A28CE3AE2}"
EndProject
Project("{FAE04EC0-301F-11D3-BF4B-00C04F79EFBC}") = "04_Photomosaics", "04_Photomosaics\04_Photomosaics.csproj", "{5EF72FFB-DDF8-49D0-9442-F12DA127D021}"
EndProject
Project("{9A19103F-16F7-4668-BE54-9A1E7A4F7556}") = "05_Snake", "05_Snake\05_Snake.csproj", "{B941D471-93CA-4D26-A2A7-1FBF7966930E}"
EndProject
Project("{9A19103F-16F7-4668-BE54-9A1E7A4F7556}") = "05_SnakeTest", "05_SnakeTest\05_SnakeTest.csproj", "{C1AEEFEF-4DA7-4839-96F5-6D987731EE3A}"
EndProject
Project("{FAE04EC0-301F-11D3-BF4B-00C04F79EFBC}") = "06_UserLogin", "06_UserLogin\06_UserLogin.csproj", "{283932D2-1DF4-4306-8E43-09C470CE6DB8}"
EndProject
Global
	GlobalSection(SolutionConfigurationPlatforms) = preSolution
		Debug|Any CPU = Debug|Any CPU
		Release|Any CPU = Release|Any CPU
	EndGlobalSection
	GlobalSection(ProjectConfigurationPlatforms) = postSolution
		{44C4D62C-F97C-4A6E-A6F6-7B816EF30CAB}.Debug|Any CPU.ActiveCfg = Debug|Any CPU
		{44C4D62C-F97C-4A6E-A6F6-7B816EF30CAB}.Debug|Any CPU.Build.0 = Debug|Any CPU
		{44C4D62C-F97C-4A6E-A6F6-7B816EF30CAB}.Release|Any CPU.ActiveCfg = Release|Any CPU
		{44C4D62C-F97C-4A6E-A6F6-7B816EF30CAB}.Release|Any CPU.Build.0 = Release|Any CPU
		{858F6D88-0E47-41B5-8C80-505E163C598C}.Debug|Any CPU.ActiveCfg = Debug|Any CPU
		{858F6D88-0E47-41B5-8C80-505E163C598C}.Debug|Any CPU.Build.0 = Debug|Any CPU
		{858F6D88-0E47-41B5-8C80-505E163C598C}.Release|Any CPU.ActiveCfg = Release|Any CPU
		{858F6D88-0E47-41B5-8C80-505E163C598C}.Release|Any CPU.Build.0 = Release|Any CPU
		{4B0C218D-A2B3-4236-91A2-341825E2AF38}.Debug|Any CPU.ActiveCfg = Debug|Any CPU
		{4B0C218D-A2B3-4236-91A2-341825E2AF38}.Debug|Any CPU.Build.0 = Debug|Any CPU
		{4B0C218D-A2B3-4236-91A2-341825E2AF38}.Release|Any CPU.ActiveCfg = Release|Any CPU
		{4B0C218D-A2B3-4236-91A2-341825E2AF38}.Release|Any CPU.Build.0 = Release|Any CPU
		{1769E76B-1001-46A5-9584-2B1E498503C8}.Debug|Any CPU.ActiveCfg = Debug|Any CPU
		{1769E76B-1001-46A5-9584-2B1E498503C8}.Debug|Any CPU.Build.0 = Debug|Any CPU
		{1769E76B-1001-46A5-9584-2B1E498503C8}.Release|Any CPU.ActiveCfg = Release|Any CPU
		{1769E76B-1001-46A5-9584-2B1E498503C8}.Release|Any CPU.Build.0 = Release|Any CPU
		{240E04F0-CCC6-4671-9EF9-D35A28CE3AE2}.Debug|Any CPU.ActiveCfg = Debug|Any CPU
		{240E04F0-CCC6-4671-9EF9-D35A28CE3AE2}.Debug|Any CPU.Build.0 = Debug|Any CPU
		{240E04F0-CCC6-4671-9EF9-D35A28CE3AE2}.Release|Any CPU.ActiveCfg = Release|Any CPU
		{240E04F0-CCC6-4671-9EF9-D35A28CE3AE2}.Release|Any CPU.Build.0 = Release|Any CPU
		{5EF72FFB-DDF8-49D0-9442-F12DA127D021}.Debug|Any CPU.ActiveCfg = Debug|Any CPU
		{5EF72FFB-DDF8-49D0-9442-F12DA127D021}.Debug|Any CPU.Build.0 = Debug|Any CPU
		{5EF72FFB-DDF8-49D0-9442-F12DA127D021}.Release|Any CPU.ActiveCfg = Release|Any CPU
		{5EF72FFB-DDF8-49D0-9442-F12DA127D021}.Release|Any CPU.Build.0 = Release|Any CPU
		{B941D471-93CA-4D26-A2A7-1FBF7966930E}.Debug|Any CPU.ActiveCfg = Debug|Any CPU
		{B941D471-93CA-4D26-A2A7-1FBF7966930E}.Debug|Any CPU.Build.0 = Debug|Any CPU
		{B941D471-93CA-4D26-A2A7-1FBF7966930E}.Release|Any CPU.ActiveCfg = Release|Any CPU
		{B941D471-93CA-4D26-A2A7-1FBF7966930E}.Release|Any CPU.Build.0 = Release|Any CPU
		{C1AEEFEF-4DA7-4839-96F5-6D987731EE3A}.Debug|Any CPU.ActiveCfg = Debug|Any CPU
		{C1AEEFEF-4DA7-4839-96F5-6D987731EE3A}.Debug|Any CPU.Build.0 = Debug|Any CPU
		{C1AEEFEF-4DA7-4839-96F5-6D987731EE3A}.Release|Any CPU.ActiveCfg = Release|Any CPU
		{C1AEEFEF-4DA7-4839-96F5-6D987731EE3A}.Release|Any CPU.Build.0 = Release|Any CPU
		{283932D2-1DF4-4306-8E43-09C470CE6DB8}.Debug|Any CPU.ActiveCfg = Debug|Any CPU
		{283932D2-1DF4-4306-8E43-09C470CE6DB8}.Debug|Any CPU.Build.0 = Debug|Any CPU
		{283932D2-1DF4-4306-8E43-09C470CE6DB8}.Release|Any CPU.ActiveCfg = Release|Any CPU
		{283932D2-1DF4-4306-8E43-09C470CE6DB8}.Release|Any CPU.Build.0 = Release|Any CPU
	EndGlobalSection
	GlobalSection(SolutionProperties) = preSolution
		HideSolutionNode = FALSE
	EndGlobalSection
	GlobalSection(ExtensibilityGlobals) = postSolution
		SolutionGuid = {45FF1D86-2EFB-4741-BE81-F4BF3CDE4117}
	EndGlobalSection
EndGlobal
