
Microsoft Visual Studio Solution File, Format Version 12.00
# Visual Studio Version 16
VisualStudioVersion = 16.0.30406.217
MinimumVisualStudioVersion = 10.0.40219.1
Project("{FAE04EC0-301F-11D3-BF4B-00C04F79EFBC}") = "01_ASCII_Art", "01_ASCII_Art\01_ASCII_Art.csproj", "{44C4D62C-F97C-4A6E-A6F6-7B816EF30CAB}"
EndProject
Global
	GlobalSection(SolutionConfigurationPlatforms) = preSolution
		Debug|Any CPU = Debug|Any CPU
		Release|Any CPU = Release|Any CPU
	EndGlobalSection
	GlobalSection(ProjectConfigurationPlatforms) = postSolution
		{44C4D62C-F97C-4A6E-A6F6-7B816EF30CAB}.Debug|Any CPU.ActiveCfg = Debug|Any CPU
		{44C4D62C-F97C-4A6E-A6F6-7B816EF30CAB}.Debug|Any CPU.Build.0 = Debug|Any CPU
		{44C4D62C-F97C-4A6E-A6F6-7B816EF30CAB}.Release|Any CPU.ActiveCfg = Release|Any CPU
		{44C4D62C-F97C-4A6E-A6F6-7B816EF30CAB}.Release|Any CPU.Build.0 = Release|Any CPU
	EndGlobalSection
	GlobalSection(SolutionProperties) = preSolution
		HideSolutionNode = FALSE
	EndGlobalSection
	GlobalSection(ExtensibilityGlobals) = postSolution
		SolutionGuid = {45FF1D86-2EFB-4741-BE81-F4BF3CDE4117}
	EndGlobalSection
EndGlobal
